
Microsoft Visual Studio Solution File, Format Version 12.00
# Visual Studio Version 17
VisualStudioVersion = 17.5.33530.505
MinimumVisualStudioVersion = 10.0.40219.1
Project("{9A19103F-16F7-4668-BE54-9A1E7A4F7556}") = "GestionPoubellesToilettesPubliques", "GestionPoubellesToilettesPubliques\GestionPoubellesToilettesPubliques.csproj", "{5DD796AC-5413-454B-8721-2E08D0615DBC}"
EndProject
Project("{2150E333-8FDC-42A3-9474-1A3956D46DE8}") = "00 DataBase", "00 DataBase", "{6ED899E0-EACE-43CF-9F4C-E03145776FFD}"
EndProject
Project("{2150E333-8FDC-42A3-9474-1A3956D46DE8}") = "01 Dal", "01 Dal", "{E59AAAC0-BC7C-4D1B-A181-90CDBC637724}"
EndProject
Project("{2150E333-8FDC-42A3-9474-1A3956D46DE8}") = "02 Api", "02 Api", "{6CB95C2C-9D79-4495-9F72-DA96697422B4}"
EndProject
Project("{2150E333-8FDC-42A3-9474-1A3956D46DE8}") = "03 Ui", "03 Ui", "{F1D22C57-F5AC-4EE7-9BFD-BBF5D94E5F10}"
EndProject
Project("{2150E333-8FDC-42A3-9474-1A3956D46DE8}") = "99 Tools", "99 Tools", "{B277CBA9-E380-4F61-A0CC-68B14496D89B}"
EndProject
Project("{00D1A9C2-B5F0-4AF3-8072-F6C62B433612}") = "PoubellesCendriersToilettesDb", "PoubellesCendriersToilettesDb\PoubellesCendriersToilettesDb.sqlproj", "{D8E07045-9FBD-4EFB-98F5-BE62121623C5}"
EndProject
Project("{9A19103F-16F7-4668-BE54-9A1E7A4F7556}") = "PoubellesCendriersToilettes.Tools", "PoubellesCendriersToilettes.Tools\PoubellesCendriersToilettes.Tools.csproj", "{A24A53D1-9D30-4D6A-9217-A6F91AA5F939}"
EndProject
Global
	GlobalSection(SolutionConfigurationPlatforms) = preSolution
		Debug|Any CPU = Debug|Any CPU
		Release|Any CPU = Release|Any CPU
	EndGlobalSection
	GlobalSection(ProjectConfigurationPlatforms) = postSolution
		{5DD796AC-5413-454B-8721-2E08D0615DBC}.Debug|Any CPU.ActiveCfg = Debug|Any CPU
		{5DD796AC-5413-454B-8721-2E08D0615DBC}.Debug|Any CPU.Build.0 = Debug|Any CPU
		{5DD796AC-5413-454B-8721-2E08D0615DBC}.Release|Any CPU.ActiveCfg = Release|Any CPU
		{5DD796AC-5413-454B-8721-2E08D0615DBC}.Release|Any CPU.Build.0 = Release|Any CPU
		{D8E07045-9FBD-4EFB-98F5-BE62121623C5}.Debug|Any CPU.ActiveCfg = Debug|Any CPU
		{D8E07045-9FBD-4EFB-98F5-BE62121623C5}.Debug|Any CPU.Build.0 = Debug|Any CPU
		{D8E07045-9FBD-4EFB-98F5-BE62121623C5}.Debug|Any CPU.Deploy.0 = Debug|Any CPU
		{D8E07045-9FBD-4EFB-98F5-BE62121623C5}.Release|Any CPU.ActiveCfg = Release|Any CPU
		{D8E07045-9FBD-4EFB-98F5-BE62121623C5}.Release|Any CPU.Build.0 = Release|Any CPU
		{D8E07045-9FBD-4EFB-98F5-BE62121623C5}.Release|Any CPU.Deploy.0 = Release|Any CPU
		{A24A53D1-9D30-4D6A-9217-A6F91AA5F939}.Debug|Any CPU.ActiveCfg = Debug|Any CPU
		{A24A53D1-9D30-4D6A-9217-A6F91AA5F939}.Debug|Any CPU.Build.0 = Debug|Any CPU
		{A24A53D1-9D30-4D6A-9217-A6F91AA5F939}.Release|Any CPU.ActiveCfg = Release|Any CPU
		{A24A53D1-9D30-4D6A-9217-A6F91AA5F939}.Release|Any CPU.Build.0 = Release|Any CPU
	EndGlobalSection
	GlobalSection(SolutionProperties) = preSolution
		HideSolutionNode = FALSE
	EndGlobalSection
	GlobalSection(NestedProjects) = preSolution
		{D8E07045-9FBD-4EFB-98F5-BE62121623C5} = {6ED899E0-EACE-43CF-9F4C-E03145776FFD}
		{A24A53D1-9D30-4D6A-9217-A6F91AA5F939} = {B277CBA9-E380-4F61-A0CC-68B14496D89B}
	EndGlobalSection
	GlobalSection(ExtensibilityGlobals) = postSolution
		SolutionGuid = {60D647E6-037C-4D73-996F-31BC4DFE5605}
	EndGlobalSection
EndGlobal
